
Microsoft Visual Studio Solution File, Format Version 12.00
# Visual Studio Version 17
VisualStudioVersion = 17.4.33213.308
MinimumVisualStudioVersion = 10.0.40219.1
Project("{9A19103F-16F7-4668-BE54-9A1E7A4F7556}") = "LipNETWrapper", "LipNETWrapper\LipNETWrapper.csproj", "{A274FAC9-3169-4EAB-A659-4090F8D6E568}"
EndProject
Project("{9A19103F-16F7-4668-BE54-9A1E7A4F7556}") = "LipNETWrapperTest", "LipNETWrapperTest\LipNETWrapperTest.csproj", "{2245E398-21FD-4F05-87A8-C6E8E29A4685}"
EndProject
Project("{9A19103F-16F7-4668-BE54-9A1E7A4F7556}") = "LipWebApi", "LipWebApi\LipWebApi.csproj", "{17569CD2-D4D2-4E10-927C-BECEAECF7786}"
EndProject
Project("{9A19103F-16F7-4668-BE54-9A1E7A4F7556}") = "LipUI", "LipUI\LipUI.csproj", "{ADF26F0A-8BCE-4F01-ACA8-042B9EC35064}"
EndProject
Global
	GlobalSection(SolutionConfigurationPlatforms) = preSolution
		Debug|Any CPU = Debug|Any CPU
		Debug|ARM64 = Debug|ARM64
		Debug|x64 = Debug|x64
		Debug|x86 = Debug|x86
		Release|Any CPU = Release|Any CPU
		Release|ARM64 = Release|ARM64
		Release|x64 = Release|x64
		Release|x86 = Release|x86
	EndGlobalSection
	GlobalSection(ProjectConfigurationPlatforms) = postSolution
		{A274FAC9-3169-4EAB-A659-4090F8D6E568}.Debug|Any CPU.ActiveCfg = Debug|Any CPU
		{A274FAC9-3169-4EAB-A659-4090F8D6E568}.Debug|Any CPU.Build.0 = Debug|Any CPU
		{A274FAC9-3169-4EAB-A659-4090F8D6E568}.Debug|ARM64.ActiveCfg = Debug|Any CPU
		{A274FAC9-3169-4EAB-A659-4090F8D6E568}.Debug|ARM64.Build.0 = Debug|Any CPU
		{A274FAC9-3169-4EAB-A659-4090F8D6E568}.Debug|x64.ActiveCfg = Debug|Any CPU
		{A274FAC9-3169-4EAB-A659-4090F8D6E568}.Debug|x64.Build.0 = Debug|Any CPU
		{A274FAC9-3169-4EAB-A659-4090F8D6E568}.Debug|x86.ActiveCfg = Debug|Any CPU
		{A274FAC9-3169-4EAB-A659-4090F8D6E568}.Debug|x86.Build.0 = Debug|Any CPU
		{A274FAC9-3169-4EAB-A659-4090F8D6E568}.Release|Any CPU.ActiveCfg = Release|Any CPU
		{A274FAC9-3169-4EAB-A659-4090F8D6E568}.Release|Any CPU.Build.0 = Release|Any CPU
		{A274FAC9-3169-4EAB-A659-4090F8D6E568}.Release|ARM64.ActiveCfg = Release|Any CPU
		{A274FAC9-3169-4EAB-A659-4090F8D6E568}.Release|ARM64.Build.0 = Release|Any CPU
		{A274FAC9-3169-4EAB-A659-4090F8D6E568}.Release|x64.ActiveCfg = Release|Any CPU
		{A274FAC9-3169-4EAB-A659-4090F8D6E568}.Release|x86.ActiveCfg = Release|Any CPU
		{A274FAC9-3169-4EAB-A659-4090F8D6E568}.Release|x86.Build.0 = Release|Any CPU
		{2245E398-21FD-4F05-87A8-C6E8E29A4685}.Debug|Any CPU.ActiveCfg = Debug|Any CPU
		{2245E398-21FD-4F05-87A8-C6E8E29A4685}.Debug|Any CPU.Build.0 = Debug|Any CPU
		{2245E398-21FD-4F05-87A8-C6E8E29A4685}.Debug|ARM64.ActiveCfg = Debug|Any CPU
		{2245E398-21FD-4F05-87A8-C6E8E29A4685}.Debug|ARM64.Build.0 = Debug|Any CPU
		{2245E398-21FD-4F05-87A8-C6E8E29A4685}.Debug|x64.ActiveCfg = Debug|Any CPU
		{2245E398-21FD-4F05-87A8-C6E8E29A4685}.Debug|x64.Build.0 = Debug|Any CPU
		{2245E398-21FD-4F05-87A8-C6E8E29A4685}.Debug|x86.ActiveCfg = Debug|Any CPU
		{2245E398-21FD-4F05-87A8-C6E8E29A4685}.Debug|x86.Build.0 = Debug|Any CPU
		{2245E398-21FD-4F05-87A8-C6E8E29A4685}.Release|Any CPU.ActiveCfg = Release|Any CPU
		{2245E398-21FD-4F05-87A8-C6E8E29A4685}.Release|Any CPU.Build.0 = Release|Any CPU
		{2245E398-21FD-4F05-87A8-C6E8E29A4685}.Release|ARM64.ActiveCfg = Release|Any CPU
		{2245E398-21FD-4F05-87A8-C6E8E29A4685}.Release|ARM64.Build.0 = Release|Any CPU
		{2245E398-21FD-4F05-87A8-C6E8E29A4685}.Release|x64.ActiveCfg = Release|Any CPU
		{2245E398-21FD-4F05-87A8-C6E8E29A4685}.Release|x86.ActiveCfg = Release|Any CPU
		{2245E398-21FD-4F05-87A8-C6E8E29A4685}.Release|x86.Build.0 = Release|Any CPU
		{17569CD2-D4D2-4E10-927C-BECEAECF7786}.Debug|Any CPU.ActiveCfg = Debug|Any CPU
		{17569CD2-D4D2-4E10-927C-BECEAECF7786}.Debug|Any CPU.Build.0 = Debug|Any CPU
		{17569CD2-D4D2-4E10-927C-BECEAECF7786}.Debug|ARM64.ActiveCfg = Debug|Any CPU
		{17569CD2-D4D2-4E10-927C-BECEAECF7786}.Debug|ARM64.Build.0 = Debug|Any CPU
		{17569CD2-D4D2-4E10-927C-BECEAECF7786}.Debug|x64.ActiveCfg = Debug|Any CPU
		{17569CD2-D4D2-4E10-927C-BECEAECF7786}.Debug|x64.Build.0 = Debug|Any CPU
		{17569CD2-D4D2-4E10-927C-BECEAECF7786}.Debug|x86.ActiveCfg = Debug|Any CPU
		{17569CD2-D4D2-4E10-927C-BECEAECF7786}.Debug|x86.Build.0 = Debug|Any CPU
		{17569CD2-D4D2-4E10-927C-BECEAECF7786}.Release|Any CPU.ActiveCfg = Release|Any CPU
		{17569CD2-D4D2-4E10-927C-BECEAECF7786}.Release|Any CPU.Build.0 = Release|Any CPU
		{17569CD2-D4D2-4E10-927C-BECEAECF7786}.Release|ARM64.ActiveCfg = Release|Any CPU
		{17569CD2-D4D2-4E10-927C-BECEAECF7786}.Release|ARM64.Build.0 = Release|Any CPU
		{17569CD2-D4D2-4E10-927C-BECEAECF7786}.Release|x64.ActiveCfg = Release|Any CPU
		{17569CD2-D4D2-4E10-927C-BECEAECF7786}.Release|x86.ActiveCfg = Release|Any CPU
		{17569CD2-D4D2-4E10-927C-BECEAECF7786}.Release|x86.Build.0 = Release|Any CPU
		{ADF26F0A-8BCE-4F01-ACA8-042B9EC35064}.Debug|Any CPU.ActiveCfg = Debug|x64
		{ADF26F0A-8BCE-4F01-ACA8-042B9EC35064}.Debug|Any CPU.Build.0 = Debug|x64
		{ADF26F0A-8BCE-4F01-ACA8-042B9EC35064}.Debug|Any CPU.Deploy.0 = Debug|x64
		{ADF26F0A-8BCE-4F01-ACA8-042B9EC35064}.Debug|ARM64.ActiveCfg = Debug|ARM64
		{ADF26F0A-8BCE-4F01-ACA8-042B9EC35064}.Debug|ARM64.Build.0 = Debug|ARM64
		{ADF26F0A-8BCE-4F01-ACA8-042B9EC35064}.Debug|ARM64.Deploy.0 = Debug|ARM64
		{ADF26F0A-8BCE-4F01-ACA8-042B9EC35064}.Debug|x64.ActiveCfg = Debug|x64
		{ADF26F0A-8BCE-4F01-ACA8-042B9EC35064}.Debug|x64.Build.0 = Debug|x64
		{ADF26F0A-8BCE-4F01-ACA8-042B9EC35064}.Debug|x64.Deploy.0 = Debug|x64
		{ADF26F0A-8BCE-4F01-ACA8-042B9EC35064}.Debug|x86.ActiveCfg = Debug|x86
		{ADF26F0A-8BCE-4F01-ACA8-042B9EC35064}.Debug|x86.Build.0 = Debug|x86
		{ADF26F0A-8BCE-4F01-ACA8-042B9EC35064}.Debug|x86.Deploy.0 = Debug|x86
		{ADF26F0A-8BCE-4F01-ACA8-042B9EC35064}.Release|Any CPU.ActiveCfg = Release|x64
		{ADF26F0A-8BCE-4F01-ACA8-042B9EC35064}.Release|Any CPU.Build.0 = Release|x64
		{ADF26F0A-8BCE-4F01-ACA8-042B9EC35064}.Release|Any CPU.Deploy.0 = Release|x64
		{ADF26F0A-8BCE-4F01-ACA8-042B9EC35064}.Release|ARM64.ActiveCfg = Release|ARM64
		{ADF26F0A-8BCE-4F01-ACA8-042B9EC35064}.Release|ARM64.Build.0 = Release|ARM64
		{ADF26F0A-8BCE-4F01-ACA8-042B9EC35064}.Release|ARM64.Deploy.0 = Release|ARM64
		{ADF26F0A-8BCE-4F01-ACA8-042B9EC35064}.Release|x64.ActiveCfg = Release|x64
		{ADF26F0A-8BCE-4F01-ACA8-042B9EC35064}.Release|x64.Build.0 = Release|x64
		{ADF26F0A-8BCE-4F01-ACA8-042B9EC35064}.Release|x64.Deploy.0 = Release|x64
		{ADF26F0A-8BCE-4F01-ACA8-042B9EC35064}.Release|x86.ActiveCfg = Release|x86
		{ADF26F0A-8BCE-4F01-ACA8-042B9EC35064}.Release|x86.Build.0 = Release|x86
		{ADF26F0A-8BCE-4F01-ACA8-042B9EC35064}.Release|x86.Deploy.0 = Release|x86
	EndGlobalSection
	GlobalSection(SolutionProperties) = preSolution
		HideSolutionNode = FALSE
	EndGlobalSection
	GlobalSection(ExtensibilityGlobals) = postSolution
		SolutionGuid = {0E6F606C-CD16-46A3-8B89-C5DEFB87B2F0}
	EndGlobalSection
EndGlobal
